
Microsoft Visual Studio Solution File, Format Version 12.00
# Visual Studio Version 17
VisualStudioVersion = 17.0.31903.59
MinimumVisualStudioVersion = 10.0.40219.1
Project("{2150E333-8FDC-42A3-9474-1A3956D46DE8}") = "src", "src", "{827E0CD3-B72D-47B6-A68D-7590B98EB39B}"
EndProject
Project("{FAE04EC0-301F-11D3-BF4B-00C04F79EFBC}") = "CanastaCR.Scraper", "src\CanastaCR.Scraper\CanastaCR.Scraper.csproj", "{C86B0BB4-2400-4643-AC9D-359AF51DFC3E}"
EndProject
Project("{2150E333-8FDC-42A3-9474-1A3956D46DE8}") = "tests", "tests", "{0AB3BF05-4346-4AA6-1389-037BE0695223}"
EndProject
Project("{FAE04EC0-301F-11D3-BF4B-00C04F79EFBC}") = "CanastaCR.Scraper.Tests", "tests\CanastaCR.Scraper.Tests\CanastaCR.Scraper.Tests.csproj", "{1E703C2C-C08D-4C5B-B3C0-1E51547C9277}"
EndProject
Global
	GlobalSection(SolutionConfigurationPlatforms) = preSolution
		Debug|Any CPU = Debug|Any CPU
		Debug|x64 = Debug|x64
		Debug|x86 = Debug|x86
		Release|Any CPU = Release|Any CPU
		Release|x64 = Release|x64
		Release|x86 = Release|x86
	EndGlobalSection
	GlobalSection(ProjectConfigurationPlatforms) = postSolution
		{C86B0BB4-2400-4643-AC9D-359AF51DFC3E}.Debug|Any CPU.ActiveCfg = Debug|Any CPU
		{C86B0BB4-2400-4643-AC9D-359AF51DFC3E}.Debug|Any CPU.Build.0 = Debug|Any CPU
		{C86B0BB4-2400-4643-AC9D-359AF51DFC3E}.Debug|x64.ActiveCfg = Debug|Any CPU
		{C86B0BB4-2400-4643-AC9D-359AF51DFC3E}.Debug|x64.Build.0 = Debug|Any CPU
		{C86B0BB4-2400-4643-AC9D-359AF51DFC3E}.Debug|x86.ActiveCfg = Debug|Any CPU
		{C86B0BB4-2400-4643-AC9D-359AF51DFC3E}.Debug|x86.Build.0 = Debug|Any CPU
		{C86B0BB4-2400-4643-AC9D-359AF51DFC3E}.Release|Any CPU.ActiveCfg = Release|Any CPU
		{C86B0BB4-2400-4643-AC9D-359AF51DFC3E}.Release|Any CPU.Build.0 = Release|Any CPU
		{C86B0BB4-2400-4643-AC9D-359AF51DFC3E}.Release|x64.ActiveCfg = Release|Any CPU
		{C86B0BB4-2400-4643-AC9D-359AF51DFC3E}.Release|x64.Build.0 = Release|Any CPU
		{C86B0BB4-2400-4643-AC9D-359AF51DFC3E}.Release|x86.ActiveCfg = Release|Any CPU
		{C86B0BB4-2400-4643-AC9D-359AF51DFC3E}.Release|x86.Build.0 = Release|Any CPU
		{1E703C2C-C08D-4C5B-B3C0-1E51547C9277}.Debug|Any CPU.ActiveCfg = Debug|Any CPU
		{1E703C2C-C08D-4C5B-B3C0-1E51547C9277}.Debug|Any CPU.Build.0 = Debug|Any CPU
		{1E703C2C-C08D-4C5B-B3C0-1E51547C9277}.Debug|x64.ActiveCfg = Debug|Any CPU
		{1E703C2C-C08D-4C5B-B3C0-1E51547C9277}.Debug|x64.Build.0 = Debug|Any CPU
		{1E703C2C-C08D-4C5B-B3C0-1E51547C9277}.Debug|x86.ActiveCfg = Debug|Any CPU
		{1E703C2C-C08D-4C5B-B3C0-1E51547C9277}.Debug|x86.Build.0 = Debug|Any CPU
		{1E703C2C-C08D-4C5B-B3C0-1E51547C9277}.Release|Any CPU.ActiveCfg = Release|Any CPU
		{1E703C2C-C08D-4C5B-B3C0-1E51547C9277}.Release|Any CPU.Build.0 = Release|Any CPU
		{1E703C2C-C08D-4C5B-B3C0-1E51547C9277}.Release|x64.ActiveCfg = Release|Any CPU
		{1E703C2C-C08D-4C5B-B3C0-1E51547C9277}.Release|x64.Build.0 = Release|Any CPU
		{1E703C2C-C08D-4C5B-B3C0-1E51547C9277}.Release|x86.ActiveCfg = Release|Any CPU
		{1E703C2C-C08D-4C5B-B3C0-1E51547C9277}.Release|x86.Build.0 = Release|Any CPU
	EndGlobalSection
	GlobalSection(SolutionProperties) = preSolution
		HideSolutionNode = FALSE
	EndGlobalSection
	GlobalSection(NestedProjects) = preSolution
		{C86B0BB4-2400-4643-AC9D-359AF51DFC3E} = {827E0CD3-B72D-47B6-A68D-7590B98EB39B}
		{1E703C2C-C08D-4C5B-B3C0-1E51547C9277} = {0AB3BF05-4346-4AA6-1389-037BE0695223}
	EndGlobalSection
EndGlobal
